
Microsoft Visual Studio Solution File, Format Version 12.00
# Visual Studio Version 17
VisualStudioVersion = 17.12.35514.174
MinimumVisualStudioVersion = 10.0.40219.1
Project("{2150E333-8FDC-42A3-9474-1A3956D46DE8}") = "Backend", "Backend", "{75813999-BD6B-4A30-8EF2-8B81A087D4A8}"
EndProject
Project("{FAE04EC0-301F-11D3-BF4B-00C04F79EFBC}") = "Base", "Backend\Base\Base.csproj", "{94350ACB-80FE-4C98-A992-2139D0653236}"
EndProject
Project("{FAE04EC0-301F-11D3-BF4B-00C04F79EFBC}") = "UIForm", "Backend\UI.Layer\UIForm\UIForm.csproj", "{1F57A58A-378A-4B9C-AD05-61CF5F4D4DE4}"
EndProject
Global
	GlobalSection(SolutionConfigurationPlatforms) = preSolution
		Debug|Any CPU = Debug|Any CPU
		Release|Any CPU = Release|Any CPU
	EndGlobalSection
	GlobalSection(ProjectConfigurationPlatforms) = postSolution
		{94350ACB-80FE-4C98-A992-2139D0653236}.Debug|Any CPU.ActiveCfg = Debug|Any CPU
		{94350ACB-80FE-4C98-A992-2139D0653236}.Debug|Any CPU.Build.0 = Debug|Any CPU
		{94350ACB-80FE-4C98-A992-2139D0653236}.Release|Any CPU.ActiveCfg = Release|Any CPU
		{94350ACB-80FE-4C98-A992-2139D0653236}.Release|Any CPU.Build.0 = Release|Any CPU
		{1F57A58A-378A-4B9C-AD05-61CF5F4D4DE4}.Debug|Any CPU.ActiveCfg = Debug|Any CPU
		{1F57A58A-378A-4B9C-AD05-61CF5F4D4DE4}.Debug|Any CPU.Build.0 = Debug|Any CPU
		{1F57A58A-378A-4B9C-AD05-61CF5F4D4DE4}.Release|Any CPU.ActiveCfg = Release|Any CPU
		{1F57A58A-378A-4B9C-AD05-61CF5F4D4DE4}.Release|Any CPU.Build.0 = Release|Any CPU
	EndGlobalSection
	GlobalSection(SolutionProperties) = preSolution
		HideSolutionNode = FALSE
	EndGlobalSection
	GlobalSection(NestedProjects) = preSolution
		{94350ACB-80FE-4C98-A992-2139D0653236} = {75813999-BD6B-4A30-8EF2-8B81A087D4A8}
		{1F57A58A-378A-4B9C-AD05-61CF5F4D4DE4} = {75813999-BD6B-4A30-8EF2-8B81A087D4A8}
	EndGlobalSection
EndGlobal
